
Microsoft Visual Studio Solution File, Format Version 12.00
# Visual Studio 14
VisualStudioVersion = 14.0.24720.0
MinimumVisualStudioVersion = 10.0.40219.1
Project("{E24C65DC-7377-472B-9ABA-BC803B73C61A}") = "ftp://joaoeval.com.br", "ftp://joaoeval.com.br", "{3A20D887-4D1F-4BE0-887D-985FA2632678}"
	ProjectSection(WebsiteProperties) = preProject
		TargetFrameworkMoniker = ".NETFramework,Version%3Dv4.0"
		Debug.AspNetCompiler.VirtualPath = "/joaoeval.com.br"
		Debug.AspNetCompiler.PhysicalPath = "C:\Users\Daniel\AppData\Local\Temp\VWDWebCache\ftp_joaoeval.com.br_u581370309\"
		Debug.AspNetCompiler.TargetPath = "PrecompiledWeb\joaoeval.com.br\"
		Debug.AspNetCompiler.Updateable = "true"
		Debug.AspNetCompiler.ForceOverwrite = "true"
		Debug.AspNetCompiler.FixedNames = "false"
		Debug.AspNetCompiler.Debug = "True"
		Release.AspNetCompiler.VirtualPath = "/joaoeval.com.br"
		Release.AspNetCompiler.PhysicalPath = "C:\Users\Daniel\AppData\Local\Temp\VWDWebCache\ftp_joaoeval.com.br_u581370309\"
		Release.AspNetCompiler.TargetPath = "PrecompiledWeb\joaoeval.com.br\"
		Release.AspNetCompiler.Updateable = "true"
		Release.AspNetCompiler.ForceOverwrite = "true"
		Release.AspNetCompiler.FixedNames = "false"
		Release.AspNetCompiler.Debug = "False"
	EndProjectSection
EndProject
Global
	GlobalSection(SolutionConfigurationPlatforms) = preSolution
		Debug|Any CPU = Debug|Any CPU
	EndGlobalSection
	GlobalSection(ProjectConfigurationPlatforms) = postSolution
		{3A20D887-4D1F-4BE0-887D-985FA2632678}.Debug|Any CPU.ActiveCfg = Debug|Any CPU
		{3A20D887-4D1F-4BE0-887D-985FA2632678}.Debug|Any CPU.Build.0 = Debug|Any CPU
	EndGlobalSection
	GlobalSection(SolutionProperties) = preSolution
		HideSolutionNode = FALSE
	EndGlobalSection
EndGlobal
